
Microsoft Visual Studio Solution File, Format Version 12.00
# Visual Studio 15
VisualStudioVersion = 15.0.27703.2026
MinimumVisualStudioVersion = 10.0.40219.1
Project("{FAE04EC0-301F-11D3-BF4B-00C04F79EFBC}") = "Dip_SWD_SubTask9_Async_WPFApp", "Dip_SWD_SubTask9_Async\Dip_SWD_SubTask9_Async_WPFApp.csproj", "{B0C88EFF-0A30-41E8-854E-904ACF34E70F}"
EndProject
Project("{FAE04EC0-301F-11D3-BF4B-00C04F79EFBC}") = "Dip_SWD_SubTask9_Async_ConsoleApp", "Dip_SWD_SubTask9_Async_ConsoleApp\Dip_SWD_SubTask9_Async_ConsoleApp.csproj", "{DFA6AAC7-CC40-4C5E-ACCE-2AB2A9E946EB}"
EndProject
Project("{FAE04EC0-301F-11D3-BF4B-00C04F79EFBC}") = "Dip_SWD_SubTask9_Async_ConsoleApp_MultiThreaded", "Dip_SWD_SubTask9_Async_ConsoleApp_MultiThreaded\Dip_SWD_SubTask9_Async_ConsoleApp_MultiThreaded.csproj", "{92D408DF-6209-4202-8421-C9A6B7B6F09B}"
EndProject
Project("{FAE04EC0-301F-11D3-BF4B-00C04F79EFBC}") = "Dip_SWD_SubTask9_Async_ConsoleApp_Synchronous", "Dip_SWD_SubTask9_Async_ConsoleApp_Synchronous\Dip_SWD_SubTask9_Async_ConsoleApp_Synchronous.csproj", "{53D96DAB-5462-4DE8-AFD9-7F6829ABAAAB}"
EndProject
Project("{FAE04EC0-301F-11D3-BF4B-00C04F79EFBC}") = "Dip_SWD_SubTask9_Async_WPFApp_HttpClient", "Dip_SWD_SubTask9_Async_WPFApp_HttpClient\Dip_SWD_SubTask9_Async_WPFApp_HttpClient.csproj", "{D70A09DB-F928-4031-93EF-EF6790499453}"
EndProject
Global
	GlobalSection(SolutionConfigurationPlatforms) = preSolution
		Debug|Any CPU = Debug|Any CPU
		Release|Any CPU = Release|Any CPU
	EndGlobalSection
	GlobalSection(ProjectConfigurationPlatforms) = postSolution
		{B0C88EFF-0A30-41E8-854E-904ACF34E70F}.Debug|Any CPU.ActiveCfg = Debug|Any CPU
		{B0C88EFF-0A30-41E8-854E-904ACF34E70F}.Debug|Any CPU.Build.0 = Debug|Any CPU
		{B0C88EFF-0A30-41E8-854E-904ACF34E70F}.Release|Any CPU.ActiveCfg = Release|Any CPU
		{B0C88EFF-0A30-41E8-854E-904ACF34E70F}.Release|Any CPU.Build.0 = Release|Any CPU
		{DFA6AAC7-CC40-4C5E-ACCE-2AB2A9E946EB}.Debug|Any CPU.ActiveCfg = Debug|Any CPU
		{DFA6AAC7-CC40-4C5E-ACCE-2AB2A9E946EB}.Debug|Any CPU.Build.0 = Debug|Any CPU
		{DFA6AAC7-CC40-4C5E-ACCE-2AB2A9E946EB}.Release|Any CPU.ActiveCfg = Release|Any CPU
		{DFA6AAC7-CC40-4C5E-ACCE-2AB2A9E946EB}.Release|Any CPU.Build.0 = Release|Any CPU
		{92D408DF-6209-4202-8421-C9A6B7B6F09B}.Debug|Any CPU.ActiveCfg = Debug|Any CPU
		{92D408DF-6209-4202-8421-C9A6B7B6F09B}.Debug|Any CPU.Build.0 = Debug|Any CPU
		{92D408DF-6209-4202-8421-C9A6B7B6F09B}.Release|Any CPU.ActiveCfg = Release|Any CPU
		{92D408DF-6209-4202-8421-C9A6B7B6F09B}.Release|Any CPU.Build.0 = Release|Any CPU
		{53D96DAB-5462-4DE8-AFD9-7F6829ABAAAB}.Debug|Any CPU.ActiveCfg = Debug|Any CPU
		{53D96DAB-5462-4DE8-AFD9-7F6829ABAAAB}.Debug|Any CPU.Build.0 = Debug|Any CPU
		{53D96DAB-5462-4DE8-AFD9-7F6829ABAAAB}.Release|Any CPU.ActiveCfg = Release|Any CPU
		{53D96DAB-5462-4DE8-AFD9-7F6829ABAAAB}.Release|Any CPU.Build.0 = Release|Any CPU
		{D70A09DB-F928-4031-93EF-EF6790499453}.Debug|Any CPU.ActiveCfg = Debug|Any CPU
		{D70A09DB-F928-4031-93EF-EF6790499453}.Debug|Any CPU.Build.0 = Debug|Any CPU
		{D70A09DB-F928-4031-93EF-EF6790499453}.Release|Any CPU.ActiveCfg = Release|Any CPU
		{D70A09DB-F928-4031-93EF-EF6790499453}.Release|Any CPU.Build.0 = Release|Any CPU
	EndGlobalSection
	GlobalSection(SolutionProperties) = preSolution
		HideSolutionNode = FALSE
	EndGlobalSection
	GlobalSection(ExtensibilityGlobals) = postSolution
		SolutionGuid = {D0CED451-33B5-477D-A3CF-488792D4740E}
	EndGlobalSection
EndGlobal
